{
  "nodes": {
    "nixpkgs": {
      "locked": {
        "lastModified": 1772833378,
        "narHash": "sha256-3xCGRFiE9PmrFvYrikic7ja7e7MklVlQlrsfzRxXkwk=",
        "owner": "NixOS",
        "repo": "nixpkgs",
        "rev": "67063f61d1b843adc3d0f2fa415977b03d258ad0",
        "type": "github"
      },
      "original": {
        "owner": "NixOS",
        "repo": "nixpkgs",
        "type": "github"
      }
    },
    "root": {
      "inputs": {
        "nixpkgs": "nixpkgs",
        "unstable": "unstable"
      }
    },
    "unstable": {
      "locked": {
        "lastModified": 1772624091,
        "narHash": "sha256-QKyJ0QGWBn6r0invrMAK8dmJoBYWoOWy7lN+UHzW1jc=",
        "owner": "NixOS",
        "repo": "nixpkgs",
        "rev": "80bdc1e5ce51f56b19791b52b2901187931f5353",
        "type": "github"
      },
      "original": {
        "id": "nixpkgs",
        "ref": "nixos-unstable",
        "type": "indirect"
      }
    }
  },
  "root": "root",
  "version": 7
}
