{
  "nodes": {
    "nixpkgs": {
      "locked": {
        "lastModified": 1786640210,
        "narHash": "sha256-p68mIUDjlFVTa8cJtZGdRB1rH5nsyPO/hjXRQWi4iwo=",
        "owner": "NixOS",
        "repo": "nixpkgs",
        "rev": "6aec2b4a297117aee2eecd796b55bf94d41d92fd",
        "type": "github"
      },
      "original": {
        "owner": "NixOS",
        "repo": "nixpkgs",
        "type": "github"
      }
    },
    "root": {
      "inputs": {
        "nixpkgs": "nixpkgs",
        "unstable": "unstable"
      }
    },
    "unstable": {
      "locked": {
        "lastModified": 1786599213,
        "narHash": "sha256-yNJd40f11EzXBjSByCB7IPpeFFAdeoSKKM67dGkfFoU=",
        "owner": "NixOS",
        "repo": "nixpkgs",
        "rev": "0e251e24a4f24e036a084b6b4b2d2491af4167f4",
        "type": "github"
      },
      "original": {
        "id": "nixpkgs",
        "ref": "nixos-unstable",
        "type": "indirect"
      }
    }
  },
  "root": "root",
  "version": 7
}
