{
  "nodes": {
    "nixpkgs": {
      "locked": {
        "lastModified": 1737057197,
        "narHash": "sha256-oe5ixl4aq9r9RCdtfV1++QCIBHKbUthJjpjJmWJww0s=",
        "owner": "NixOS",
        "repo": "nixpkgs",
        "rev": "3817f78894729cf7d07930a1b1c733b72f5b24a3",
        "type": "github"
      },
      "original": {
        "owner": "NixOS",
        "repo": "nixpkgs",
        "type": "github"
      }
    },
    "root": {
      "inputs": {
        "nixpkgs": "nixpkgs",
        "unstable": "unstable"
      }
    },
    "unstable": {
      "locked": {
        "lastModified": 1736883708,
        "narHash": "sha256-uQ+NQ0/xYU0N1CnXsa2zghgNaOPxWpMJXSUJJ9W7140=",
        "owner": "NixOS",
        "repo": "nixpkgs",
        "rev": "eb62e6aa39ea67e0b8018ba8ea077efe65807dc8",
        "type": "github"
      },
      "original": {
        "id": "nixpkgs",
        "ref": "nixos-unstable",
        "type": "indirect"
      }
    }
  },
  "root": "root",
  "version": 7
}
